
Microsoft Visual Studio Solution File, Format Version 12.00
# Visual Studio Version 17
VisualStudioVersion = 17.5.33530.505
MinimumVisualStudioVersion = 10.0.40219.1
Project("{FAE04EC0-301F-11D3-BF4B-00C04F79EFBC}") = "Zelda", "Zelda\Zelda.csproj", "{B70A1DD0-F4C1-4F5F-A731-486850E2C86E}"
EndProject
Global
	GlobalSection(SolutionConfigurationPlatforms) = preSolution
		Debug|Any CPU = Debug|Any CPU
		Release|Any CPU = Release|Any CPU
	EndGlobalSection
	GlobalSection(ProjectConfigurationPlatforms) = postSolution
		{B70A1DD0-F4C1-4F5F-A731-486850E2C86E}.Debug|Any CPU.ActiveCfg = Debug|Any CPU
		{B70A1DD0-F4C1-4F5F-A731-486850E2C86E}.Debug|Any CPU.Build.0 = Debug|Any CPU
		{B70A1DD0-F4C1-4F5F-A731-486850E2C86E}.Release|Any CPU.ActiveCfg = Release|Any CPU
		{B70A1DD0-F4C1-4F5F-A731-486850E2C86E}.Release|Any CPU.Build.0 = Release|Any CPU
	EndGlobalSection
	GlobalSection(SolutionProperties) = preSolution
		HideSolutionNode = FALSE
	EndGlobalSection
	GlobalSection(ExtensibilityGlobals) = postSolution
		SolutionGuid = {E962DDCF-BE76-4FBF-86AA-8AD56D1BB3E9}
	EndGlobalSection
EndGlobal
